// !$*UTF8*$!
{
	archiveVersion = 1;
	classes = {
	};
	objectVersion = 46;
	objects = {

/* Begin PBXBuildFile section */
		65190DAA1AE9179D00379AE5 /* PictureCollectionTableViewController.swift in Sources */ = {isa = PBXBuildFile; fileRef = 65190DA91AE9179D00379AE5 /* PictureCollectionTableViewController.swift */; };
		65190DAF1AE91B5600379AE5 /* LabelCell.swift in Sources */ = {isa = PBXBuildFile; fileRef = 65190DAD1AE91B5600379AE5 /* LabelCell.swift */; };
		65190DB01AE91B5600379AE5 /* LabelCell.xib in Resources */ = {isa = PBXBuildFile; fileRef = 65190DAE1AE91B5600379AE5 /* LabelCell.xib */; };
		651A24AC1AE686C600D126C8 /* SwiftyJSON.swift in Sources */ = {isa = PBXBuildFile; fileRef = 651A24AB1AE686C600D126C8 /* SwiftyJSON.swift */; };
		651A24AE1AE68A9E00D126C8 /* IConstant.swift in Sources */ = {isa = PBXBuildFile; fileRef = 651A24AD1AE68A9E00D126C8 /* IConstant.swift */; };
		65F70EF01AE7E337002B63EC /* app_icon@2x.png in Resources */ = {isa = PBXBuildFile; fileRef = 65F70EEF1AE7E337002B63EC /* app_icon@2x.png */; };
		65F70EF21AE7E33F002B63EC /* app_icon@3x.png in Resources */ = {isa = PBXBuildFile; fileRef = 65F70EF11AE7E33F002B63EC /* app_icon@3x.png */; };
		65F70EF51AE7E8AD002B63EC /* btn_video.png in Resources */ = {isa = PBXBuildFile; fileRef = 65F70EF31AE7E8AD002B63EC /* btn_video.png */; };
		65F70EF61AE7E8AD002B63EC /* btn_photo.png in Resources */ = {isa = PBXBuildFile; fileRef = 65F70EF41AE7E8AD002B63EC /* btn_photo.png */; };
		65F70EF81AE7F95D002B63EC /* CollectionTypeTableViewController.swift in Sources */ = {isa = PBXBuildFile; fileRef = 65F70EF71AE7F95D002B63EC /* CollectionTypeTableViewController.swift */; };
		C8912B37E5EAE9F59CCC9792 /* Pods.framework in Frameworks */ = {isa = PBXBuildFile; fileRef = 602D000354DFD6DD37E3F8E9 /* Pods.framework */; settings = {ATTRIBUTES = (Weak, ); }; };
		CF9E07711AE39C600001F5F8 /* PartnerTableViewController.swift in Sources */ = {isa = PBXBuildFile; fileRef = CF9E076F1AE39C600001F5F8 /* PartnerTableViewController.swift */; };
		CF9E07741AE3AC940001F5F8 /* PartnerDetailViewController.swift in Sources */ = {isa = PBXBuildFile; fileRef = CF9E07731AE3AC940001F5F8 /* PartnerDetailViewController.swift */; };
		CF9E07761AE3B5230001F5F8 /* city_u.jpeg in Resources */ = {isa = PBXBuildFile; fileRef = CF9E07751AE3B5230001F5F8 /* city_u.jpeg */; };
		CF9E07AA1AE3CC970001F5F8 /* ExibitionTableViewController.swift in Sources */ = {isa = PBXBuildFile; fileRef = CF9E07A91AE3CC970001F5F8 /* ExibitionTableViewController.swift */; };
		CF9E07AC1AE3CDEA0001F5F8 /* WebViewController.swift in Sources */ = {isa = PBXBuildFile; fileRef = CF9E07AB1AE3CDEA0001F5F8 /* WebViewController.swift */; };
		CF9E07B31AE3D13C0001F5F8 /* tab_exibition.png in Resources */ = {isa = PBXBuildFile; fileRef = CF9E07B11AE3D13C0001F5F8 /* tab_exibition.png */; };
		CF9E07B41AE3D13C0001F5F8 /* tab_partner.png in Resources */ = {isa = PBXBuildFile; fileRef = CF9E07B21AE3D13C0001F5F8 /* tab_partner.png */; };
		CF9E07B61AE3D1C80001F5F8 /* tab_company.png in Resources */ = {isa = PBXBuildFile; fileRef = CF9E07B51AE3D1C80001F5F8 /* tab_company.png */; };
		CF9E07B81AE3D3670001F5F8 /* company_icon.JPG in Resources */ = {isa = PBXBuildFile; fileRef = CF9E07B71AE3D3670001F5F8 /* company_icon.JPG */; };
		CF9E07BA1AE3DDF10001F5F8 /* qr_code.png in Resources */ = {isa = PBXBuildFile; fileRef = CF9E07B91AE3DDF10001F5F8 /* qr_code.png */; };
		CF9E07BF1AE3E3610001F5F8 /* yuegang.jpg in Resources */ = {isa = PBXBuildFile; fileRef = CF9E07BB1AE3E3610001F5F8 /* yuegang.jpg */; };
		CF9E07C01AE3E3610001F5F8 /* guangming.jpg in Resources */ = {isa = PBXBuildFile; fileRef = CF9E07BC1AE3E3610001F5F8 /* guangming.jpg */; };
		CF9E07C11AE3E3610001F5F8 /* jinbaba1.jpg in Resources */ = {isa = PBXBuildFile; fileRef = CF9E07BD1AE3E3610001F5F8 /* jinbaba1.jpg */; };
		CF9E07C21AE3E3610001F5F8 /* jinbaba2.jpg in Resources */ = {isa = PBXBuildFile; fileRef = CF9E07BE1AE3E3610001F5F8 /* jinbaba2.jpg */; };
		CFEE90031AE26EFF008CD5A2 /* AppDelegate.swift in Sources */ = {isa = PBXBuildFile; fileRef = CFEE90021AE26EFF008CD5A2 /* AppDelegate.swift */; };
		CFEE90051AE26EFF008CD5A2 /* ViewController.swift in Sources */ = {isa = PBXBuildFile; fileRef = CFEE90041AE26EFF008CD5A2 /* ViewController.swift */; };
		CFEE90081AE26EFF008CD5A2 /* Main.storyboard in Resources */ = {isa = PBXBuildFile; fileRef = CFEE90061AE26EFF008CD5A2 /* Main.storyboard */; };
		CFEE900A1AE26EFF008CD5A2 /* Images.xcassets in Resources */ = {isa = PBXBuildFile; fileRef = CFEE90091AE26EFF008CD5A2 /* Images.xcassets */; };
		CFEE900D1AE26EFF008CD5A2 /* LaunchScreen.xib in Resources */ = {isa = PBXBuildFile; fileRef = CFEE900B1AE26EFF008CD5A2 /* LaunchScreen.xib */; };
		CFEE90191AE26EFF008CD5A2 /* ThirtyEightTests.swift in Sources */ = {isa = PBXBuildFile; fileRef = CFEE90181AE26EFF008CD5A2 /* ThirtyEightTests.swift */; };
		CFEE90231AE270E4008CD5A2 /* dgtv_icon.jpeg in Resources */ = {isa = PBXBuildFile; fileRef = CFEE90221AE270E4008CD5A2 /* dgtv_icon.jpeg */; };
		CFEE90281AE29156008CD5A2 /* PartnerCell.swift in Sources */ = {isa = PBXBuildFile; fileRef = CFEE90261AE29156008CD5A2 /* PartnerCell.swift */; };
		CFEE90291AE29156008CD5A2 /* PartnerCell.xib in Resources */ = {isa = PBXBuildFile; fileRef = CFEE90271AE29156008CD5A2 /* PartnerCell.xib */; };
/* End PBXBuildFile section */

/* Begin PBXContainerItemProxy section */
		CFEE90131AE26EFF008CD5A2 /* PBXContainerItemProxy */ = {
			isa = PBXContainerItemProxy;
			containerPortal = CFEE8FF51AE26EFF008CD5A2 /* Project object */;
			proxyType = 1;
			remoteGlobalIDString = CFEE8FFC1AE26EFF008CD5A2;
			remoteInfo = ThirtyEight;
		};
/* End PBXContainerItemProxy section */

/* Begin PBXFileReference section */
		602D000354DFD6DD37E3F8E9 /* Pods.framework */ = {isa = PBXFileReference; explicitFileType = wrapper.framework; includeInIndex = 0; path = Pods.framework; sourceTree = BUILT_PRODUCTS_DIR; };
		65190DA91AE9179D00379AE5 /* PictureCollectionTableViewController.swift */ = {isa = PBXFileReference; fileEncoding = 4; lastKnownFileType = sourcecode.swift; path = PictureCollectionTableViewController.swift; sourceTree = "<group>"; };
		65190DAD1AE91B5600379AE5 /* LabelCell.swift */ = {isa = PBXFileReference; fileEncoding = 4; lastKnownFileType = sourcecode.swift; path = LabelCell.swift; sourceTree = "<group>"; };
		65190DAE1AE91B5600379AE5 /* LabelCell.xib */ = {isa = PBXFileReference; fileEncoding = 4; lastKnownFileType = file.xib; path = LabelCell.xib; sourceTree = "<group>"; };
		651A24AB1AE686C600D126C8 /* SwiftyJSON.swift */ = {isa = PBXFileReference; fileEncoding = 4; lastKnownFileType = sourcecode.swift; path = SwiftyJSON.swift; sourceTree = "<group>"; };
		651A24AD1AE68A9E00D126C8 /* IConstant.swift */ = {isa = PBXFileReference; fileEncoding = 4; lastKnownFileType = sourcecode.swift; path = IConstant.swift; sourceTree = "<group>"; };
		654CB1801AE7D1B200666E22 /* My-Bridging-Header.h */ = {isa = PBXFileReference; lastKnownFileType = sourcecode.c.h; path = "My-Bridging-Header.h"; sourceTree = "<group>"; };
		65F70EEF1AE7E337002B63EC /* app_icon@2x.png */ = {isa = PBXFileReference; lastKnownFileType = image.png; path = "app_icon@2x.png"; sourceTree = "<group>"; };
		65F70EF11AE7E33F002B63EC /* app_icon@3x.png */ = {isa = PBXFileReference; lastKnownFileType = image.png; path = "app_icon@3x.png"; sourceTree = "<group>"; };
		65F70EF31AE7E8AD002B63EC /* btn_video.png */ = {isa = PBXFileReference; lastKnownFileType = image.png; path = btn_video.png; sourceTree = "<group>"; };
		65F70EF41AE7E8AD002B63EC /* btn_photo.png */ = {isa = PBXFileReference; lastKnownFileType = image.png; path = btn_photo.png; sourceTree = "<group>"; };
		65F70EF71AE7F95D002B63EC /* CollectionTypeTableViewController.swift */ = {isa = PBXFileReference; fileEncoding = 4; lastKnownFileType = sourcecode.swift; path = CollectionTypeTableViewController.swift; sourceTree = "<group>"; };
		C42D25F504EF1238F545E1F9 /* Pods.debug.xcconfig */ = {isa = PBXFileReference; includeInIndex = 1; lastKnownFileType = text.xcconfig; name = Pods.debug.xcconfig; path = "Pods/Target Support Files/Pods/Pods.debug.xcconfig"; sourceTree = "<group>"; };
		CE1B7C6F3429E998C19EB4C8 /* Pods.release.xcconfig */ = {isa = PBXFileReference; includeInIndex = 1; lastKnownFileType = text.xcconfig; name = Pods.release.xcconfig; path = "Pods/Target Support Files/Pods/Pods.release.xcconfig"; sourceTree = "<group>"; };
		CF9E076F1AE39C600001F5F8 /* PartnerTableViewController.swift */ = {isa = PBXFileReference; fileEncoding = 4; lastKnownFileType = sourcecode.swift; name = PartnerTableViewController.swift; path = ../PartnerTableViewController.swift; sourceTree = "<group>"; };
		CF9E07731AE3AC940001F5F8 /* PartnerDetailViewController.swift */ = {isa = PBXFileReference; fileEncoding = 4; lastKnownFileType = sourcecode.swift; path = PartnerDetailViewController.swift; sourceTree = "<group>"; };
		CF9E07751AE3B5230001F5F8 /* city_u.jpeg */ = {isa = PBXFileReference; lastKnownFileType = image.jpeg; path = city_u.jpeg; sourceTree = "<group>"; };
		CF9E07A91AE3CC970001F5F8 /* ExibitionTableViewController.swift */ = {isa = PBXFileReference; fileEncoding = 4; lastKnownFileType = sourcecode.swift; path = ExibitionTableViewController.swift; sourceTree = "<group>"; };
		CF9E07AB1AE3CDEA0001F5F8 /* WebViewController.swift */ = {isa = PBXFileReference; fileEncoding = 4; lastKnownFileType = sourcecode.swift; path = WebViewController.swift; sourceTree = "<group>"; };
		CF9E07B11AE3D13C0001F5F8 /* tab_exibition.png */ = {isa = PBXFileReference; lastKnownFileType = image.png; path = tab_exibition.png; sourceTree = "<group>"; };
		CF9E07B21AE3D13C0001F5F8 /* tab_partner.png */ = {isa = PBXFileReference; lastKnownFileType = image.png; path = tab_partner.png; sourceTree = "<group>"; };
		CF9E07B51AE3D1C80001F5F8 /* tab_company.png */ = {isa = PBXFileReference; lastKnownFileType = image.png; path = tab_company.png; sourceTree = "<group>"; };
		CF9E07B71AE3D3670001F5F8 /* company_icon.JPG */ = {isa = PBXFileReference; lastKnownFileType = image.jpeg; path = company_icon.JPG; sourceTree = "<group>"; };
		CF9E07B91AE3DDF10001F5F8 /* qr_code.png */ = {isa = PBXFileReference; lastKnownFileType = image.png; path = qr_code.png; sourceTree = "<group>"; };
		CF9E07BB1AE3E3610001F5F8 /* yuegang.jpg */ = {isa = PBXFileReference; lastKnownFileType = image.jpeg; path = yuegang.jpg; sourceTree = "<group>"; };
		CF9E07BC1AE3E3610001F5F8 /* guangming.jpg */ = {isa = PBXFileReference; lastKnownFileType = image.jpeg; path = guangming.jpg; sourceTree = "<group>"; };
		CF9E07BD1AE3E3610001F5F8 /* jinbaba1.jpg */ = {isa = PBXFileReference; lastKnownFileType = image.jpeg; path = jinbaba1.jpg; sourceTree = "<group>"; };
		CF9E07BE1AE3E3610001F5F8 /* jinbaba2.jpg */ = {isa = PBXFileReference; lastKnownFileType = image.jpeg; path = jinbaba2.jpg; sourceTree = "<group>"; };
		CFEE8FFD1AE26EFF008CD5A2 /* ThirtyEight.app */ = {isa = PBXFileReference; explicitFileType = wrapper.application; includeInIndex = 0; path = ThirtyEight.app; sourceTree = BUILT_PRODUCTS_DIR; };
		CFEE90011AE26EFF008CD5A2 /* Info.plist */ = {isa = PBXFileReference; lastKnownFileType = text.plist.xml; path = Info.plist; sourceTree = "<group>"; };
		CFEE90021AE26EFF008CD5A2 /* AppDelegate.swift */ = {isa = PBXFileReference; lastKnownFileType = sourcecode.swift; path = AppDelegate.swift; sourceTree = "<group>"; };
		CFEE90041AE26EFF008CD5A2 /* ViewController.swift */ = {isa = PBXFileReference; lastKnownFileType = sourcecode.swift; path = ViewController.swift; sourceTree = "<group>"; };
		CFEE90071AE26EFF008CD5A2 /* Base */ = {isa = PBXFileReference; lastKnownFileType = file.storyboard; name = Base; path = Base.lproj/Main.storyboard; sourceTree = "<group>"; };
		CFEE90091AE26EFF008CD5A2 /* Images.xcassets */ = {isa = PBXFileReference; lastKnownFileType = folder.assetcatalog; path = Images.xcassets; sourceTree = "<group>"; };
		CFEE900C1AE26EFF008CD5A2 /* Base */ = {isa = PBXFileReference; lastKnownFileType = file.xib; name = Base; path = Base.lproj/LaunchScreen.xib; sourceTree = "<group>"; };
		CFEE90121AE26EFF008CD5A2 /* ThirtyEightTests.xctest */ = {isa = PBXFileReference; explicitFileType = wrapper.cfbundle; includeInIndex = 0; path = ThirtyEightTests.xctest; sourceTree = BUILT_PRODUCTS_DIR; };
		CFEE90171AE26EFF008CD5A2 /* Info.plist */ = {isa = PBXFileReference; lastKnownFileType = text.plist.xml; path = Info.plist; sourceTree = "<group>"; };
		CFEE90181AE26EFF008CD5A2 /* ThirtyEightTests.swift */ = {isa = PBXFileReference; lastKnownFileType = sourcecode.swift; path = ThirtyEightTests.swift; sourceTree = "<group>"; };
		CFEE90221AE270E4008CD5A2 /* dgtv_icon.jpeg */ = {isa = PBXFileReference; lastKnownFileType = image.jpeg; path = dgtv_icon.jpeg; sourceTree = "<group>"; };
		CFEE90261AE29156008CD5A2 /* PartnerCell.swift */ = {isa = PBXFileReference; fileEncoding = 4; lastKnownFileType = sourcecode.swift; path = PartnerCell.swift; sourceTree = "<group>"; };
		CFEE90271AE29156008CD5A2 /* PartnerCell.xib */ = {isa = PBXFileReference; fileEncoding = 4; lastKnownFileType = file.xib; path = PartnerCell.xib; sourceTree = "<group>"; };
/* End PBXFileReference section */

/* Begin PBXFrameworksBuildPhase section */
		CFEE8FFA1AE26EFF008CD5A2 /* Frameworks */ = {
			isa = PBXFrameworksBuildPhase;
			buildActionMask = 2147483647;
			files = (
				C8912B37E5EAE9F59CCC9792 /* Pods.framework in Frameworks */,
			);
			runOnlyForDeploymentPostprocessing = 0;
		};
		CFEE900F1AE26EFF008CD5A2 /* Frameworks */ = {
			isa = PBXFrameworksBuildPhase;
			buildActionMask = 2147483647;
			files = (
			);
			runOnlyForDeploymentPostprocessing = 0;
		};
/* End PBXFrameworksBuildPhase section */

/* Begin PBXGroup section */
		170EE5039807883C225B2FCB /* Frameworks */ = {
			isa = PBXGroup;
			children = (
				602D000354DFD6DD37E3F8E9 /* Pods.framework */,
			);
			name = Frameworks;
			sourceTree = "<group>";
		};
		63E612D9B93B5DBACD4B3222 /* Pods */ = {
			isa = PBXGroup;
			children = (
				C42D25F504EF1238F545E1F9 /* Pods.debug.xcconfig */,
				CE1B7C6F3429E998C19EB4C8 /* Pods.release.xcconfig */,
			);
			name = Pods;
			sourceTree = "<group>";
		};
		65190DB11AE9205100379AE5 /* cell */ = {
			isa = PBXGroup;
			children = (
				CFEE90261AE29156008CD5A2 /* PartnerCell.swift */,
				CFEE90271AE29156008CD5A2 /* PartnerCell.xib */,
				65190DAD1AE91B5600379AE5 /* LabelCell.swift */,
				65190DAE1AE91B5600379AE5 /* LabelCell.xib */,
			);
			name = cell;
			sourceTree = "<group>";
		};
		65FF3A841AE52B1E00CD95F5 /* resources */ = {
			isa = PBXGroup;
			children = (
				CFEE90221AE270E4008CD5A2 /* dgtv_icon.jpeg */,
				65F70EF31AE7E8AD002B63EC /* btn_video.png */,
				65F70EF41AE7E8AD002B63EC /* btn_photo.png */,
				65F70EF11AE7E33F002B63EC /* app_icon@3x.png */,
				65F70EEF1AE7E337002B63EC /* app_icon@2x.png */,
				CF9E07BB1AE3E3610001F5F8 /* yuegang.jpg */,
				CF9E07BC1AE3E3610001F5F8 /* guangming.jpg */,
				CF9E07BD1AE3E3610001F5F8 /* jinbaba1.jpg */,
				CF9E07BE1AE3E3610001F5F8 /* jinbaba2.jpg */,
				CF9E07B91AE3DDF10001F5F8 /* qr_code.png */,
				CF9E07B71AE3D3670001F5F8 /* company_icon.JPG */,
				CF9E07B51AE3D1C80001F5F8 /* tab_company.png */,
				CF9E07B11AE3D13C0001F5F8 /* tab_exibition.png */,
				CF9E07B21AE3D13C0001F5F8 /* tab_partner.png */,
				CF9E07751AE3B5230001F5F8 /* city_u.jpeg */,
			);
			name = resources;
			sourceTree = "<group>";
		};
		CFEE8FF41AE26EFF008CD5A2 = {
			isa = PBXGroup;
			children = (
				CFEE8FFF1AE26EFF008CD5A2 /* ThirtyEight */,
				CFEE90151AE26EFF008CD5A2 /* ThirtyEightTests */,
				CFEE8FFE1AE26EFF008CD5A2 /* Products */,
				63E612D9B93B5DBACD4B3222 /* Pods */,
				170EE5039807883C225B2FCB /* Frameworks */,
			);
			sourceTree = "<group>";
		};
		CFEE8FFE1AE26EFF008CD5A2 /* Products */ = {
			isa = PBXGroup;
			children = (
				CFEE8FFD1AE26EFF008CD5A2 /* ThirtyEight.app */,
				CFEE90121AE26EFF008CD5A2 /* ThirtyEightTests.xctest */,
			);
			name = Products;
			sourceTree = "<group>";
		};
		CFEE8FFF1AE26EFF008CD5A2 /* ThirtyEight */ = {
			isa = PBXGroup;
			children = (
				CFEE90061AE26EFF008CD5A2 /* Main.storyboard */,
				CFEE90021AE26EFF008CD5A2 /* AppDelegate.swift */,
				CFEE90041AE26EFF008CD5A2 /* ViewController.swift */,
				651A24AD1AE68A9E00D126C8 /* IConstant.swift */,
				CF9E07731AE3AC940001F5F8 /* PartnerDetailViewController.swift */,
				CF9E076F1AE39C600001F5F8 /* PartnerTableViewController.swift */,
				CF9E07A91AE3CC970001F5F8 /* ExibitionTableViewController.swift */,
				CF9E07AB1AE3CDEA0001F5F8 /* WebViewController.swift */,
				65F70EF71AE7F95D002B63EC /* CollectionTypeTableViewController.swift */,
				65190DA91AE9179D00379AE5 /* PictureCollectionTableViewController.swift */,
				65FF3A841AE52B1E00CD95F5 /* resources */,
				CFEE90001AE26EFF008CD5A2 /* Supporting Files */,
				65190DB11AE9205100379AE5 /* cell */,
			);
			path = ThirtyEight;
			sourceTree = "<group>";
		};
		CFEE90001AE26EFF008CD5A2 /* Supporting Files */ = {
			isa = PBXGroup;
			children = (
				CFEE90091AE26EFF008CD5A2 /* Images.xcassets */,
				CFEE900B1AE26EFF008CD5A2 /* LaunchScreen.xib */,
				651A24AB1AE686C600D126C8 /* SwiftyJSON.swift */,
				CFEE90011AE26EFF008CD5A2 /* Info.plist */,
				654CB1801AE7D1B200666E22 /* My-Bridging-Header.h */,
			);
			name = "Supporting Files";
			sourceTree = "<group>";
		};
		CFEE90151AE26EFF008CD5A2 /* ThirtyEightTests */ = {
			isa = PBXGroup;
			children = (
				CFEE90181AE26EFF008CD5A2 /* ThirtyEightTests.swift */,
				CFEE90161AE26EFF008CD5A2 /* Supporting Files */,
			);
			path = ThirtyEightTests;
			sourceTree = "<group>";
		};
		CFEE90161AE26EFF008CD5A2 /* Supporting Files */ = {
			isa = PBXGroup;
			children = (
				CFEE90171AE26EFF008CD5A2 /* Info.plist */,
			);
			name = "Supporting Files";
			sourceTree = "<group>";
		};
/* End PBXGroup section */

/* Begin PBXNativeTarget section */
		CFEE8FFC1AE26EFF008CD5A2 /* ThirtyEight */ = {
			isa = PBXNativeTarget;
			buildConfigurationList = CFEE901C1AE26EFF008CD5A2 /* Build configuration list for PBXNativeTarget "ThirtyEight" */;
			buildPhases = (
				5BB9CF001951A976AC77B53F /* Check Pods Manifest.lock */,
				CFEE8FF91AE26EFF008CD5A2 /* Sources */,
				CFEE8FFA1AE26EFF008CD5A2 /* Frameworks */,
				CFEE8FFB1AE26EFF008CD5A2 /* Resources */,
				D907A9AA88B4769DA0D345A0 /* Embed Pods Frameworks */,
				565A04CEC33F539F4BFBCF3D /* Copy Pods Resources */,
			);
			buildRules = (
			);
			dependencies = (
			);
			name = ThirtyEight;
			productName = ThirtyEight;
			productReference = CFEE8FFD1AE26EFF008CD5A2 /* ThirtyEight.app */;
			productType = "com.apple.product-type.application";
		};
		CFEE90111AE26EFF008CD5A2 /* ThirtyEightTests */ = {
			isa = PBXNativeTarget;
			buildConfigurationList = CFEE901F1AE26EFF008CD5A2 /* Build configuration list for PBXNativeTarget "ThirtyEightTests" */;
			buildPhases = (
				CFEE900E1AE26EFF008CD5A2 /* Sources */,
				CFEE900F1AE26EFF008CD5A2 /* Frameworks */,
				CFEE90101AE26EFF008CD5A2 /* Resources */,
			);
			buildRules = (
			);
			dependencies = (
				CFEE90141AE26EFF008CD5A2 /* PBXTargetDependency */,
			);
			name = ThirtyEightTests;
			productName = ThirtyEightTests;
			productReference = CFEE90121AE26EFF008CD5A2 /* ThirtyEightTests.xctest */;
			productType = "com.apple.product-type.bundle.unit-test";
		};
/* End PBXNativeTarget section */

/* Begin PBXProject section */
		CFEE8FF51AE26EFF008CD5A2 /* Project object */ = {
			isa = PBXProject;
			attributes = {
				LastUpgradeCheck = 0630;
				ORGANIZATIONNAME = daniel;
				TargetAttributes = {
					CFEE8FFC1AE26EFF008CD5A2 = {
						CreatedOnToolsVersion = 6.3;
						DevelopmentTeam = 6LLD6HR3L6;
					};
					CFEE90111AE26EFF008CD5A2 = {
						CreatedOnToolsVersion = 6.3;
						TestTargetID = CFEE8FFC1AE26EFF008CD5A2;
					};
				};
			};
			buildConfigurationList = CFEE8FF81AE26EFF008CD5A2 /* Build configuration list for PBXProject "ThirtyEight" */;
			compatibilityVersion = "Xcode 3.2";
			developmentRegion = English;
			hasScannedForEncodings = 0;
			knownRegions = (
				en,
				Base,
			);
			mainGroup = CFEE8FF41AE26EFF008CD5A2;
			productRefGroup = CFEE8FFE1AE26EFF008CD5A2 /* Products */;
			projectDirPath = "";
			projectRoot = "";
			targets = (
				CFEE8FFC1AE26EFF008CD5A2 /* ThirtyEight */,
				CFEE90111AE26EFF008CD5A2 /* ThirtyEightTests */,
			);
		};
/* End PBXProject section */

/* Begin PBXResourcesBuildPhase section */
		CFEE8FFB1AE26EFF008CD5A2 /* Resources */ = {
			isa = PBXResourcesBuildPhase;
			buildActionMask = 2147483647;
			files = (
				65F70EF51AE7E8AD002B63EC /* btn_video.png in Resources */,
				CF9E07C21AE3E3610001F5F8 /* jinbaba2.jpg in Resources */,
				65190DB01AE91B5600379AE5 /* LabelCell.xib in Resources */,
				CF9E07B81AE3D3670001F5F8 /* company_icon.JPG in Resources */,
				CFEE90081AE26EFF008CD5A2 /* Main.storyboard in Resources */,
				CFEE900D1AE26EFF008CD5A2 /* LaunchScreen.xib in Resources */,
				65F70EF21AE7E33F002B63EC /* app_icon@3x.png in Resources */,
				CFEE900A1AE26EFF008CD5A2 /* Images.xcassets in Resources */,
				CFEE90231AE270E4008CD5A2 /* dgtv_icon.jpeg in Resources */,
				CF9E07C01AE3E3610001F5F8 /* guangming.jpg in Resources */,
				65F70EF01AE7E337002B63EC /* app_icon@2x.png in Resources */,
				CF9E07B31AE3D13C0001F5F8 /* tab_exibition.png in Resources */,
				CF9E07C11AE3E3610001F5F8 /* jinbaba1.jpg in Resources */,
				CF9E07BA1AE3DDF10001F5F8 /* qr_code.png in Resources */,
				CF9E07761AE3B5230001F5F8 /* city_u.jpeg in Resources */,
				CF9E07B61AE3D1C80001F5F8 /* tab_company.png in Resources */,
				CFEE90291AE29156008CD5A2 /* PartnerCell.xib in Resources */,
				CF9E07BF1AE3E3610001F5F8 /* yuegang.jpg in Resources */,
				CF9E07B41AE3D13C0001F5F8 /* tab_partner.png in Resources */,
				65F70EF61AE7E8AD002B63EC /* btn_photo.png in Resources */,
			);
			runOnlyForDeploymentPostprocessing = 0;
		};
		CFEE90101AE26EFF008CD5A2 /* Resources */ = {
			isa = PBXResourcesBuildPhase;
			buildActionMask = 2147483647;
			files = (
			);
			runOnlyForDeploymentPostprocessing = 0;
		};
/* End PBXResourcesBuildPhase section */

/* Begin PBXShellScriptBuildPhase section */
		565A04CEC33F539F4BFBCF3D /* Copy Pods Resources */ = {
			isa = PBXShellScriptBuildPhase;
			buildActionMask = 2147483647;
			files = (
			);
			inputPaths = (
			);
			name = "Copy Pods Resources";
			outputPaths = (
			);
			runOnlyForDeploymentPostprocessing = 0;
			shellPath = /bin/sh;
			shellScript = "\"${SRCROOT}/Pods/Target Support Files/Pods/Pods-resources.sh\"\n";
			showEnvVarsInLog = 0;
		};
		5BB9CF001951A976AC77B53F /* Check Pods Manifest.lock */ = {
			isa = PBXShellScriptBuildPhase;
			buildActionMask = 2147483647;
			files = (
			);
			inputPaths = (
			);
			name = "Check Pods Manifest.lock";
			outputPaths = (
			);
			runOnlyForDeploymentPostprocessing = 0;
			shellPath = /bin/sh;
			shellScript = "diff \"${PODS_ROOT}/../Podfile.lock\" \"${PODS_ROOT}/Manifest.lock\" > /dev/null\nif [[ $? != 0 ]] ; then\n    cat << EOM\nerror: The sandbox is not in sync with the Podfile.lock. Run 'pod install' or update your CocoaPods installation.\nEOM\n    exit 1\nfi\n";
			showEnvVarsInLog = 0;
		};
		D907A9AA88B4769DA0D345A0 /* Embed Pods Frameworks */ = {
			isa = PBXShellScriptBuildPhase;
			buildActionMask = 2147483647;
			files = (
			);
			inputPaths = (
			);
			name = "Embed Pods Frameworks";
			outputPaths = (
			);
			runOnlyForDeploymentPostprocessing = 0;
			shellPath = /bin/sh;
			shellScript = "\"${SRCROOT}/Pods/Target Support Files/Pods/Pods-frameworks.sh\"\n";
			showEnvVarsInLog = 0;
		};
/* End PBXShellScriptBuildPhase section */

/* Begin PBXSourcesBuildPhase section */
		CFEE8FF91AE26EFF008CD5A2 /* Sources */ = {
			isa = PBXSourcesBuildPhase;
			buildActionMask = 2147483647;
			files = (
				CF9E07711AE39C600001F5F8 /* PartnerTableViewController.swift in Sources */,
				CFEE90281AE29156008CD5A2 /* PartnerCell.swift in Sources */,
				65190DAF1AE91B5600379AE5 /* LabelCell.swift in Sources */,
				CFEE90051AE26EFF008CD5A2 /* ViewController.swift in Sources */,
				651A24AE1AE68A9E00D126C8 /* IConstant.swift in Sources */,
				651A24AC1AE686C600D126C8 /* SwiftyJSON.swift in Sources */,
				65F70EF81AE7F95D002B63EC /* CollectionTypeTableViewController.swift in Sources */,
				CF9E07AA1AE3CC970001F5F8 /* ExibitionTableViewController.swift in Sources */,
				65190DAA1AE9179D00379AE5 /* PictureCollectionTableViewController.swift in Sources */,
				CF9E07AC1AE3CDEA0001F5F8 /* WebViewController.swift in Sources */,
				CF9E07741AE3AC940001F5F8 /* PartnerDetailViewController.swift in Sources */,
				CFEE90031AE26EFF008CD5A2 /* AppDelegate.swift in Sources */,
			);
			runOnlyForDeploymentPostprocessing = 0;
		};
		CFEE900E1AE26EFF008CD5A2 /* Sources */ = {
			isa = PBXSourcesBuildPhase;
			buildActionMask = 2147483647;
			files = (
				CFEE90191AE26EFF008CD5A2 /* ThirtyEightTests.swift in Sources */,
			);
			runOnlyForDeploymentPostprocessing = 0;
		};
/* End PBXSourcesBuildPhase section */

/* Begin PBXTargetDependency section */
		CFEE90141AE26EFF008CD5A2 /* PBXTargetDependency */ = {
			isa = PBXTargetDependency;
			target = CFEE8FFC1AE26EFF008CD5A2 /* ThirtyEight */;
			targetProxy = CFEE90131AE26EFF008CD5A2 /* PBXContainerItemProxy */;
		};
/* End PBXTargetDependency section */

/* Begin PBXVariantGroup section */
		CFEE90061AE26EFF008CD5A2 /* Main.storyboard */ = {
			isa = PBXVariantGroup;
			children = (
				CFEE90071AE26EFF008CD5A2 /* Base */,
			);
			name = Main.storyboard;
			sourceTree = "<group>";
		};
		CFEE900B1AE26EFF008CD5A2 /* LaunchScreen.xib */ = {
			isa = PBXVariantGroup;
			children = (
				CFEE900C1AE26EFF008CD5A2 /* Base */,
			);
			name = LaunchScreen.xib;
			sourceTree = "<group>";
		};
/* End PBXVariantGroup section */

/* Begin XCBuildConfiguration section */
		CFEE901A1AE26EFF008CD5A2 /* Debug */ = {
			isa = XCBuildConfiguration;
			buildSettings = {
				ALWAYS_SEARCH_USER_PATHS = NO;
				CLANG_CXX_LANGUAGE_STANDARD = "gnu++0x";
				CLANG_CXX_LIBRARY = "libc++";
				CLANG_ENABLE_MODULES = YES;
				CLANG_ENABLE_OBJC_ARC = YES;
				CLANG_WARN_BOOL_CONVERSION = YES;
				CLANG_WARN_CONSTANT_CONVERSION = YES;
				CLANG_WARN_DIRECT_OBJC_ISA_USAGE = YES_ERROR;
				CLANG_WARN_EMPTY_BODY = YES;
				CLANG_WARN_ENUM_CONVERSION = YES;
				CLANG_WARN_INT_CONVERSION = YES;
				CLANG_WARN_OBJC_ROOT_CLASS = YES_ERROR;
				CLANG_WARN_UNREACHABLE_CODE = YES;
				CLANG_WARN__DUPLICATE_METHOD_MATCH = YES;
				"CODE_SIGN_IDENTITY[sdk=iphoneos*]" = "iPhone Developer";
				COPY_PHASE_STRIP = NO;
				DEBUG_INFORMATION_FORMAT = "dwarf-with-dsym";
				ENABLE_STRICT_OBJC_MSGSEND = YES;
				GCC_C_LANGUAGE_STANDARD = gnu99;
				GCC_DYNAMIC_NO_PIC = NO;
				GCC_NO_COMMON_BLOCKS = YES;
				GCC_OPTIMIZATION_LEVEL = 0;
				GCC_PREPROCESSOR_DEFINITIONS = (
					"DEBUG=1",
					"$(inherited)",
				);
				GCC_SYMBOLS_PRIVATE_EXTERN = NO;
				GCC_WARN_64_TO_32_BIT_CONVERSION = YES;
				GCC_WARN_ABOUT_RETURN_TYPE = YES_ERROR;
				GCC_WARN_UNDECLARED_SELECTOR = YES;
				GCC_WARN_UNINITIALIZED_AUTOS = YES_AGGRESSIVE;
				GCC_WARN_UNUSED_FUNCTION = YES;
				GCC_WARN_UNUSED_VARIABLE = YES;
				IPHONEOS_DEPLOYMENT_TARGET = 8.3;
				MTL_ENABLE_DEBUG_INFO = YES;
				ONLY_ACTIVE_ARCH = YES;
				SDKROOT = iphoneos;
				SWIFT_OPTIMIZATION_LEVEL = "-Onone";
			};
			name = Debug;
		};
		CFEE901B1AE26EFF008CD5A2 /* Release */ = {
			isa = XCBuildConfiguration;
			buildSettings = {
				ALWAYS_SEARCH_USER_PATHS = NO;
				CLANG_CXX_LANGUAGE_STANDARD = "gnu++0x";
				CLANG_CXX_LIBRARY = "libc++";
				CLANG_ENABLE_MODULES = YES;
				CLANG_ENABLE_OBJC_ARC = YES;
				CLANG_WARN_BOOL_CONVERSION = YES;
				CLANG_WARN_CONSTANT_CONVERSION = YES;
				CLANG_WARN_DIRECT_OBJC_ISA_USAGE = YES_ERROR;
				CLANG_WARN_EMPTY_BODY = YES;
				CLANG_WARN_ENUM_CONVERSION = YES;
				CLANG_WARN_INT_CONVERSION = YES;
				CLANG_WARN_OBJC_ROOT_CLASS = YES_ERROR;
				CLANG_WARN_UNREACHABLE_CODE = YES;
				CLANG_WARN__DUPLICATE_METHOD_MATCH = YES;
				"CODE_SIGN_IDENTITY[sdk=iphoneos*]" = "iPhone Developer";
				COPY_PHASE_STRIP = NO;
				DEBUG_INFORMATION_FORMAT = "dwarf-with-dsym";
				ENABLE_NS_ASSERTIONS = NO;
				ENABLE_STRICT_OBJC_MSGSEND = YES;
				GCC_C_LANGUAGE_STANDARD = gnu99;
				GCC_NO_COMMON_BLOCKS = YES;
				GCC_WARN_64_TO_32_BIT_CONVERSION = YES;
				GCC_WARN_ABOUT_RETURN_TYPE = YES_ERROR;
				GCC_WARN_UNDECLARED_SELECTOR = YES;
				GCC_WARN_UNINITIALIZED_AUTOS = YES_AGGRESSIVE;
				GCC_WARN_UNUSED_FUNCTION = YES;
				GCC_WARN_UNUSED_VARIABLE = YES;
				IPHONEOS_DEPLOYMENT_TARGET = 8.3;
				MTL_ENABLE_DEBUG_INFO = NO;
				SDKROOT = iphoneos;
				VALIDATE_PRODUCT = YES;
			};
			name = Release;
		};
		CFEE901D1AE26EFF008CD5A2 /* Debug */ = {
			isa = XCBuildConfiguration;
			baseConfigurationReference = C42D25F504EF1238F545E1F9 /* Pods.debug.xcconfig */;
			buildSettings = {
				ASSETCATALOG_COMPILER_APPICON_NAME = AppIcon;
				ASSETCATALOG_COMPILER_LAUNCHIMAGE_NAME = LaunchImage;
				CODE_SIGN_IDENTITY = "iPhone Developer";
				"CODE_SIGN_IDENTITY[sdk=iphoneos*]" = "iPhone Developer";
				INFOPLIST_FILE = ThirtyEight/Info.plist;
				LD_RUNPATH_SEARCH_PATHS = "$(inherited) @executable_path/Frameworks";
				PRODUCT_NAME = "$(TARGET_NAME)";
				PROVISIONING_PROFILE = "";
				SWIFT_OBJC_BRIDGING_HEADER = "ThirtyEight/My-Bridging-Header.h";
			};
			name = Debug;
		};
		CFEE901E1AE26EFF008CD5A2 /* Release */ = {
			isa = XCBuildConfiguration;
			baseConfigurationReference = CE1B7C6F3429E998C19EB4C8 /* Pods.release.xcconfig */;
			buildSettings = {
				ASSETCATALOG_COMPILER_APPICON_NAME = AppIcon;
				ASSETCATALOG_COMPILER_LAUNCHIMAGE_NAME = LaunchImage;
				CODE_SIGN_IDENTITY = "iPhone Developer";
				"CODE_SIGN_IDENTITY[sdk=iphoneos*]" = "iPhone Developer";
				INFOPLIST_FILE = ThirtyEight/Info.plist;
				LD_RUNPATH_SEARCH_PATHS = "$(inherited) @executable_path/Frameworks";
				PRODUCT_NAME = "$(TARGET_NAME)";
				PROVISIONING_PROFILE = "";
				SWIFT_OBJC_BRIDGING_HEADER = "ThirtyEight/My-Bridging-Header.h";
			};
			name = Release;
		};
		CFEE90201AE26EFF008CD5A2 /* Debug */ = {
			isa = XCBuildConfiguration;
			buildSettings = {
				BUNDLE_LOADER = "$(TEST_HOST)";
				FRAMEWORK_SEARCH_PATHS = (
					"$(SDKROOT)/Developer/Library/Frameworks",
					"$(inherited)",
				);
				GCC_PREPROCESSOR_DEFINITIONS = (
					"DEBUG=1",
					"$(inherited)",
				);
				INFOPLIST_FILE = ThirtyEightTests/Info.plist;
				LD_RUNPATH_SEARCH_PATHS = "$(inherited) @executable_path/Frameworks @loader_path/Frameworks";
				PRODUCT_NAME = "$(TARGET_NAME)";
				TEST_HOST = "$(BUILT_PRODUCTS_DIR)/ThirtyEight.app/ThirtyEight";
			};
			name = Debug;
		};
		CFEE90211AE26EFF008CD5A2 /* Release */ = {
			isa = XCBuildConfiguration;
			buildSettings = {
				BUNDLE_LOADER = "$(TEST_HOST)";
				FRAMEWORK_SEARCH_PATHS = (
					"$(SDKROOT)/Developer/Library/Frameworks",
					"$(inherited)",
				);
				INFOPLIST_FILE = ThirtyEightTests/Info.plist;
				LD_RUNPATH_SEARCH_PATHS = "$(inherited) @executable_path/Frameworks @loader_path/Frameworks";
				PRODUCT_NAME = "$(TARGET_NAME)";
				TEST_HOST = "$(BUILT_PRODUCTS_DIR)/ThirtyEight.app/ThirtyEight";
			};
			name = Release;
		};
/* End XCBuildConfiguration section */

/* Begin XCConfigurationList section */
		CFEE8FF81AE26EFF008CD5A2 /* Build configuration list for PBXProject "ThirtyEight" */ = {
			isa = XCConfigurationList;
			buildConfigurations = (
				CFEE901A1AE26EFF008CD5A2 /* Debug */,
				CFEE901B1AE26EFF008CD5A2 /* Release */,
			);
			defaultConfigurationIsVisible = 0;
			defaultConfigurationName = Release;
		};
		CFEE901C1AE26EFF008CD5A2 /* Build configuration list for PBXNativeTarget "ThirtyEight" */ = {
			isa = XCConfigurationList;
			buildConfigurations = (
				CFEE901D1AE26EFF008CD5A2 /* Debug */,
				CFEE901E1AE26EFF008CD5A2 /* Release */,
			);
			defaultConfigurationIsVisible = 0;
			defaultConfigurationName = Release;
		};
		CFEE901F1AE26EFF008CD5A2 /* Build configuration list for PBXNativeTarget "ThirtyEightTests" */ = {
			isa = XCConfigurationList;
			buildConfigurations = (
				CFEE90201AE26EFF008CD5A2 /* Debug */,
				CFEE90211AE26EFF008CD5A2 /* Release */,
			);
			defaultConfigurationIsVisible = 0;
			defaultConfigurationName = Release;
		};
/* End XCConfigurationList section */
	};
	rootObject = CFEE8FF51AE26EFF008CD5A2 /* Project object */;
}
